
Microsoft Visual Studio Solution File, Format Version 12.00
# Visual Studio Version 16
VisualStudioVersion = 16.0.31205.134
MinimumVisualStudioVersion = 10.0.40219.1
Project("{9A19103F-16F7-4668-BE54-9A1E7A4F7556}") = "RxFileSystemWatcher", "RxFileSystemWatcher\RxFileSystemWatcher.csproj", "{DADEDC55-1C23-4529-8D06-D24CB88F7793}"
EndProject
Project("{9A19103F-16F7-4668-BE54-9A1E7A4F7556}") = "RxFileSystemWatcher.Tests", "Tests\RxFileSystemWatcher.Tests.csproj", "{54716BA6-C555-4E61-8160-CE62EA23F610}"
EndProject
Global
	GlobalSection(SolutionConfigurationPlatforms) = preSolution
		Debug|Any CPU = Debug|Any CPU
		Release|Any CPU = Release|Any CPU
	EndGlobalSection
	GlobalSection(ProjectConfigurationPlatforms) = postSolution
		{DADEDC55-1C23-4529-8D06-D24CB88F7793}.Debug|Any CPU.ActiveCfg = Debug|Any CPU
		{DADEDC55-1C23-4529-8D06-D24CB88F7793}.Debug|Any CPU.Build.0 = Debug|Any CPU
		{DADEDC55-1C23-4529-8D06-D24CB88F7793}.Release|Any CPU.ActiveCfg = Release|Any CPU
		{DADEDC55-1C23-4529-8D06-D24CB88F7793}.Release|Any CPU.Build.0 = Release|Any CPU
		{54716BA6-C555-4E61-8160-CE62EA23F610}.Debug|Any CPU.ActiveCfg = Debug|Any CPU
		{54716BA6-C555-4E61-8160-CE62EA23F610}.Debug|Any CPU.Build.0 = Debug|Any CPU
		{54716BA6-C555-4E61-8160-CE62EA23F610}.Release|Any CPU.ActiveCfg = Release|Any CPU
		{54716BA6-C555-4E61-8160-CE62EA23F610}.Release|Any CPU.Build.0 = Release|Any CPU
	EndGlobalSection
	GlobalSection(SolutionProperties) = preSolution
		HideSolutionNode = FALSE
	EndGlobalSection
	GlobalSection(ExtensibilityGlobals) = postSolution
		SolutionGuid = {3E8F154A-158B-4482-A9F1-8ABAE532CD41}
	EndGlobalSection
EndGlobal
